
Microsoft Visual Studio Solution File, Format Version 12.00
# Visual Studio 15
VisualStudioVersion = 15.0.26124.0
MinimumVisualStudioVersion = 15.0.26124.0
Project("{2150E333-8FDC-42A3-9474-1A3956D46DE8}") = "src", "src", "{5873970B-29B0-4444-814F-66260B1C5161}"
EndProject
Project("{FAE04EC0-301F-11D3-BF4B-00C04F79EFBC}") = "IdentityServer.Web", "src\IdentityServer.Web\IdentityServer.Web.csproj", "{1965C6B1-692E-4172-AD65-10ACBA297D57}"
EndProject
Project("{2150E333-8FDC-42A3-9474-1A3956D46DE8}") = "Solution Items", "Solution Items", "{CFB3C9A2-F63E-45BB-B98C-F3282563CFA3}"
ProjectSection(SolutionItems) = preProject
	global.json = global.json
	nuget.config = nuget.config
EndProjectSection
EndProject
Project("{FAE04EC0-301F-11D3-BF4B-00C04F79EFBC}") = "IdentityServer.Infrastructure", "src\IdentityServer.Infrastructure\IdentityServer.Infrastructure.csproj", "{CD186B7A-9C83-4B2E-AFCB-F57D60B747C5}"
EndProject
Project("{FAE04EC0-301F-11D3-BF4B-00C04F79EFBC}") = "IdentityServer.Migrations", "src\IdentityServer.Migrations\IdentityServer.Migrations.csproj", "{BD7AACA0-F67F-482E-A276-A87DE612E2DC}"
EndProject
Project("{FAE04EC0-301F-11D3-BF4B-00C04F79EFBC}") = "IdentityServer.Domain", "src\IdentityServer.Domain\IdentityServer.Domain.csproj", "{409EE5C2-21B0-4BD1-8436-87A976568AD6}"
EndProject
Project("{FAE04EC0-301F-11D3-BF4B-00C04F79EFBC}") = "IdentityServer.Application", "src\IdentityServer.Application\IdentityServer.Application.csproj", "{B0FCBD01-0F4E-4C6D-B471-C679671205FB}"
EndProject
Project("{FAE04EC0-301F-11D3-BF4B-00C04F79EFBC}") = "IdentityServer.Domain.Common", "src\IdentityServer.Domain.Common\IdentityServer.Domain.Common.csproj", "{2E593E05-AAE0-491D-97B0-CFFDA04E92B3}"
EndProject
Global
	GlobalSection(SolutionConfigurationPlatforms) = preSolution
		Debug|Any CPU = Debug|Any CPU
		Debug|x64 = Debug|x64
		Debug|x86 = Debug|x86
		Release|Any CPU = Release|Any CPU
		Release|x64 = Release|x64
		Release|x86 = Release|x86
	EndGlobalSection
	GlobalSection(SolutionProperties) = preSolution
		HideSolutionNode = FALSE
	EndGlobalSection
	GlobalSection(ProjectConfigurationPlatforms) = postSolution
		{1965C6B1-692E-4172-AD65-10ACBA297D57}.Debug|Any CPU.ActiveCfg = Debug|Any CPU
		{1965C6B1-692E-4172-AD65-10ACBA297D57}.Debug|Any CPU.Build.0 = Debug|Any CPU
		{1965C6B1-692E-4172-AD65-10ACBA297D57}.Debug|x64.ActiveCfg = Debug|Any CPU
		{1965C6B1-692E-4172-AD65-10ACBA297D57}.Debug|x64.Build.0 = Debug|Any CPU
		{1965C6B1-692E-4172-AD65-10ACBA297D57}.Debug|x86.ActiveCfg = Debug|Any CPU
		{1965C6B1-692E-4172-AD65-10ACBA297D57}.Debug|x86.Build.0 = Debug|Any CPU
		{1965C6B1-692E-4172-AD65-10ACBA297D57}.Release|Any CPU.ActiveCfg = Release|Any CPU
		{1965C6B1-692E-4172-AD65-10ACBA297D57}.Release|Any CPU.Build.0 = Release|Any CPU
		{1965C6B1-692E-4172-AD65-10ACBA297D57}.Release|x64.ActiveCfg = Release|Any CPU
		{1965C6B1-692E-4172-AD65-10ACBA297D57}.Release|x64.Build.0 = Release|Any CPU
		{1965C6B1-692E-4172-AD65-10ACBA297D57}.Release|x86.ActiveCfg = Release|Any CPU
		{1965C6B1-692E-4172-AD65-10ACBA297D57}.Release|x86.Build.0 = Release|Any CPU
		{CD186B7A-9C83-4B2E-AFCB-F57D60B747C5}.Debug|Any CPU.ActiveCfg = Debug|Any CPU
		{CD186B7A-9C83-4B2E-AFCB-F57D60B747C5}.Debug|Any CPU.Build.0 = Debug|Any CPU
		{CD186B7A-9C83-4B2E-AFCB-F57D60B747C5}.Debug|x64.ActiveCfg = Debug|Any CPU
		{CD186B7A-9C83-4B2E-AFCB-F57D60B747C5}.Debug|x64.Build.0 = Debug|Any CPU
		{CD186B7A-9C83-4B2E-AFCB-F57D60B747C5}.Debug|x86.ActiveCfg = Debug|Any CPU
		{CD186B7A-9C83-4B2E-AFCB-F57D60B747C5}.Debug|x86.Build.0 = Debug|Any CPU
		{CD186B7A-9C83-4B2E-AFCB-F57D60B747C5}.Release|Any CPU.ActiveCfg = Release|Any CPU
		{CD186B7A-9C83-4B2E-AFCB-F57D60B747C5}.Release|Any CPU.Build.0 = Release|Any CPU
		{CD186B7A-9C83-4B2E-AFCB-F57D60B747C5}.Release|x64.ActiveCfg = Release|Any CPU
		{CD186B7A-9C83-4B2E-AFCB-F57D60B747C5}.Release|x64.Build.0 = Release|Any CPU
		{CD186B7A-9C83-4B2E-AFCB-F57D60B747C5}.Release|x86.ActiveCfg = Release|Any CPU
		{CD186B7A-9C83-4B2E-AFCB-F57D60B747C5}.Release|x86.Build.0 = Release|Any CPU
		{BD7AACA0-F67F-482E-A276-A87DE612E2DC}.Debug|Any CPU.ActiveCfg = Debug|Any CPU
		{BD7AACA0-F67F-482E-A276-A87DE612E2DC}.Debug|Any CPU.Build.0 = Debug|Any CPU
		{BD7AACA0-F67F-482E-A276-A87DE612E2DC}.Debug|x64.ActiveCfg = Debug|Any CPU
		{BD7AACA0-F67F-482E-A276-A87DE612E2DC}.Debug|x64.Build.0 = Debug|Any CPU
		{BD7AACA0-F67F-482E-A276-A87DE612E2DC}.Debug|x86.ActiveCfg = Debug|Any CPU
		{BD7AACA0-F67F-482E-A276-A87DE612E2DC}.Debug|x86.Build.0 = Debug|Any CPU
		{BD7AACA0-F67F-482E-A276-A87DE612E2DC}.Release|Any CPU.ActiveCfg = Release|Any CPU
		{BD7AACA0-F67F-482E-A276-A87DE612E2DC}.Release|Any CPU.Build.0 = Release|Any CPU
		{BD7AACA0-F67F-482E-A276-A87DE612E2DC}.Release|x64.ActiveCfg = Release|Any CPU
		{BD7AACA0-F67F-482E-A276-A87DE612E2DC}.Release|x64.Build.0 = Release|Any CPU
		{BD7AACA0-F67F-482E-A276-A87DE612E2DC}.Release|x86.ActiveCfg = Release|Any CPU
		{BD7AACA0-F67F-482E-A276-A87DE612E2DC}.Release|x86.Build.0 = Release|Any CPU
		{409EE5C2-21B0-4BD1-8436-87A976568AD6}.Debug|Any CPU.ActiveCfg = Debug|Any CPU
		{409EE5C2-21B0-4BD1-8436-87A976568AD6}.Debug|Any CPU.Build.0 = Debug|Any CPU
		{409EE5C2-21B0-4BD1-8436-87A976568AD6}.Debug|x64.ActiveCfg = Debug|Any CPU
		{409EE5C2-21B0-4BD1-8436-87A976568AD6}.Debug|x64.Build.0 = Debug|Any CPU
		{409EE5C2-21B0-4BD1-8436-87A976568AD6}.Debug|x86.ActiveCfg = Debug|Any CPU
		{409EE5C2-21B0-4BD1-8436-87A976568AD6}.Debug|x86.Build.0 = Debug|Any CPU
		{409EE5C2-21B0-4BD1-8436-87A976568AD6}.Release|Any CPU.ActiveCfg = Release|Any CPU
		{409EE5C2-21B0-4BD1-8436-87A976568AD6}.Release|Any CPU.Build.0 = Release|Any CPU
		{409EE5C2-21B0-4BD1-8436-87A976568AD6}.Release|x64.ActiveCfg = Release|Any CPU
		{409EE5C2-21B0-4BD1-8436-87A976568AD6}.Release|x64.Build.0 = Release|Any CPU
		{409EE5C2-21B0-4BD1-8436-87A976568AD6}.Release|x86.ActiveCfg = Release|Any CPU
		{409EE5C2-21B0-4BD1-8436-87A976568AD6}.Release|x86.Build.0 = Release|Any CPU
		{B0FCBD01-0F4E-4C6D-B471-C679671205FB}.Debug|Any CPU.ActiveCfg = Debug|Any CPU
		{B0FCBD01-0F4E-4C6D-B471-C679671205FB}.Debug|Any CPU.Build.0 = Debug|Any CPU
		{B0FCBD01-0F4E-4C6D-B471-C679671205FB}.Debug|x64.ActiveCfg = Debug|Any CPU
		{B0FCBD01-0F4E-4C6D-B471-C679671205FB}.Debug|x64.Build.0 = Debug|Any CPU
		{B0FCBD01-0F4E-4C6D-B471-C679671205FB}.Debug|x86.ActiveCfg = Debug|Any CPU
		{B0FCBD01-0F4E-4C6D-B471-C679671205FB}.Debug|x86.Build.0 = Debug|Any CPU
		{B0FCBD01-0F4E-4C6D-B471-C679671205FB}.Release|Any CPU.ActiveCfg = Release|Any CPU
		{B0FCBD01-0F4E-4C6D-B471-C679671205FB}.Release|Any CPU.Build.0 = Release|Any CPU
		{B0FCBD01-0F4E-4C6D-B471-C679671205FB}.Release|x64.ActiveCfg = Release|Any CPU
		{B0FCBD01-0F4E-4C6D-B471-C679671205FB}.Release|x64.Build.0 = Release|Any CPU
		{B0FCBD01-0F4E-4C6D-B471-C679671205FB}.Release|x86.ActiveCfg = Release|Any CPU
		{B0FCBD01-0F4E-4C6D-B471-C679671205FB}.Release|x86.Build.0 = Release|Any CPU
		{2E593E05-AAE0-491D-97B0-CFFDA04E92B3}.Debug|Any CPU.ActiveCfg = Debug|Any CPU
		{2E593E05-AAE0-491D-97B0-CFFDA04E92B3}.Debug|Any CPU.Build.0 = Debug|Any CPU
		{2E593E05-AAE0-491D-97B0-CFFDA04E92B3}.Debug|x64.ActiveCfg = Debug|Any CPU
		{2E593E05-AAE0-491D-97B0-CFFDA04E92B3}.Debug|x64.Build.0 = Debug|Any CPU
		{2E593E05-AAE0-491D-97B0-CFFDA04E92B3}.Debug|x86.ActiveCfg = Debug|Any CPU
		{2E593E05-AAE0-491D-97B0-CFFDA04E92B3}.Debug|x86.Build.0 = Debug|Any CPU
		{2E593E05-AAE0-491D-97B0-CFFDA04E92B3}.Release|Any CPU.ActiveCfg = Release|Any CPU
		{2E593E05-AAE0-491D-97B0-CFFDA04E92B3}.Release|Any CPU.Build.0 = Release|Any CPU
		{2E593E05-AAE0-491D-97B0-CFFDA04E92B3}.Release|x64.ActiveCfg = Release|Any CPU
		{2E593E05-AAE0-491D-97B0-CFFDA04E92B3}.Release|x64.Build.0 = Release|Any CPU
		{2E593E05-AAE0-491D-97B0-CFFDA04E92B3}.Release|x86.ActiveCfg = Release|Any CPU
		{2E593E05-AAE0-491D-97B0-CFFDA04E92B3}.Release|x86.Build.0 = Release|Any CPU
	EndGlobalSection
	GlobalSection(NestedProjects) = preSolution
		{1965C6B1-692E-4172-AD65-10ACBA297D57} = {5873970B-29B0-4444-814F-66260B1C5161}
		{CD186B7A-9C83-4B2E-AFCB-F57D60B747C5} = {5873970B-29B0-4444-814F-66260B1C5161}
		{BD7AACA0-F67F-482E-A276-A87DE612E2DC} = {5873970B-29B0-4444-814F-66260B1C5161}
		{409EE5C2-21B0-4BD1-8436-87A976568AD6} = {5873970B-29B0-4444-814F-66260B1C5161}
		{B0FCBD01-0F4E-4C6D-B471-C679671205FB} = {5873970B-29B0-4444-814F-66260B1C5161}
		{2E593E05-AAE0-491D-97B0-CFFDA04E92B3} = {5873970B-29B0-4444-814F-66260B1C5161}
	EndGlobalSection
EndGlobal
