
Microsoft Visual Studio Solution File, Format Version 12.00
# Visual Studio Version 16
VisualStudioVersion = 16.0.29509.3
MinimumVisualStudioVersion = 15.0.26124.0
Project("{2150E333-8FDC-42A3-9474-1A3956D46DE8}") = "src", "src", "{2601C2A2-3628-4493-AAD9-1535EBF3B2D4}"
EndProject
Project("{9A19103F-16F7-4668-BE54-9A1E7A4F7556}") = "Users.Application", "src\Users.Application\Users.Application.csproj", "{8954AFE1-8957-421C-AD7B-1B5113013DAB}"
EndProject
Project("{9A19103F-16F7-4668-BE54-9A1E7A4F7556}") = "Users.Domain", "src\Users.Domain\Users.Domain.csproj", "{DBB6D3A0-8764-46C3-BE7C-1F5DC8AA307A}"
EndProject
Project("{9A19103F-16F7-4668-BE54-9A1E7A4F7556}") = "Users.Domain.Common", "src\Users.Domain.Common\Users.Domain.Common.csproj", "{F82F3FB3-7000-4E7A-9842-1A08533D6CF0}"
EndProject
Project("{9A19103F-16F7-4668-BE54-9A1E7A4F7556}") = "Users.Infrastructure", "src\Users.Infrastructure\Users.Infrastructure.csproj", "{1A8BD9C1-7462-4D2B-807A-1F8A241FF1B1}"
EndProject
Project("{2150E333-8FDC-42A3-9474-1A3956D46DE8}") = "test", "test", "{8E736740-A8DD-4267-8128-A997FF899814}"
EndProject
Project("{9A19103F-16F7-4668-BE54-9A1E7A4F7556}") = "Users.Application.Test", "test\Users.Application.Test\Users.Application.Test.csproj", "{F841FEC8-FD88-451E-98CB-8167DADC8754}"
EndProject
Project("{9A19103F-16F7-4668-BE54-9A1E7A4F7556}") = "Users.Domain.Test", "test\Users.Domain.Test\Users.Domain.Test.csproj", "{A58B8B5F-A1E1-47F2-8047-BDE8449D9A5A}"
EndProject
Project("{2150E333-8FDC-42A3-9474-1A3956D46DE8}") = "Solution Items", "Solution Items", "{57D2956F-9338-42B5-BD85-477F2064BC9B}"
	ProjectSection(SolutionItems) = preProject
		.editorconfig = .editorconfig
		global.json = global.json
		nuget.config = nuget.config
	EndProjectSection
EndProject
Project("{9A19103F-16F7-4668-BE54-9A1E7A4F7556}") = "Users.Web", "src\Users.Web\Users.Web.csproj", "{39D93792-8667-4581-9C84-94E67D08432C}"
EndProject
Project("{FAE04EC0-301F-11D3-BF4B-00C04F79EFBC}") = "Users.Migrations", "src\Users.Migrations\Users.Migrations.csproj", "{F4D99DD4-A0C9-4E4D-A957-7422D7646F85}"
EndProject
Project("{FAE04EC0-301F-11D3-BF4B-00C04F79EFBC}") = "Users.Acceptance.Test", "test\Users.Acceptance.Test\Users.Acceptance.Test.csproj", "{43AC8CBD-B9B7-442F-8DF2-4F774C23C169}"
EndProject
Global
	GlobalSection(SolutionConfigurationPlatforms) = preSolution
		Debug|Any CPU = Debug|Any CPU
		Debug|x64 = Debug|x64
		Debug|x86 = Debug|x86
		Release|Any CPU = Release|Any CPU
		Release|x64 = Release|x64
		Release|x86 = Release|x86
	EndGlobalSection
	GlobalSection(ProjectConfigurationPlatforms) = postSolution
		{8954AFE1-8957-421C-AD7B-1B5113013DAB}.Debug|Any CPU.ActiveCfg = Debug|Any CPU
		{8954AFE1-8957-421C-AD7B-1B5113013DAB}.Debug|Any CPU.Build.0 = Debug|Any CPU
		{8954AFE1-8957-421C-AD7B-1B5113013DAB}.Debug|x64.ActiveCfg = Debug|Any CPU
		{8954AFE1-8957-421C-AD7B-1B5113013DAB}.Debug|x64.Build.0 = Debug|Any CPU
		{8954AFE1-8957-421C-AD7B-1B5113013DAB}.Debug|x86.ActiveCfg = Debug|Any CPU
		{8954AFE1-8957-421C-AD7B-1B5113013DAB}.Debug|x86.Build.0 = Debug|Any CPU
		{8954AFE1-8957-421C-AD7B-1B5113013DAB}.Release|Any CPU.ActiveCfg = Release|Any CPU
		{8954AFE1-8957-421C-AD7B-1B5113013DAB}.Release|Any CPU.Build.0 = Release|Any CPU
		{8954AFE1-8957-421C-AD7B-1B5113013DAB}.Release|x64.ActiveCfg = Release|Any CPU
		{8954AFE1-8957-421C-AD7B-1B5113013DAB}.Release|x64.Build.0 = Release|Any CPU
		{8954AFE1-8957-421C-AD7B-1B5113013DAB}.Release|x86.ActiveCfg = Release|Any CPU
		{8954AFE1-8957-421C-AD7B-1B5113013DAB}.Release|x86.Build.0 = Release|Any CPU
		{DBB6D3A0-8764-46C3-BE7C-1F5DC8AA307A}.Debug|Any CPU.ActiveCfg = Debug|Any CPU
		{DBB6D3A0-8764-46C3-BE7C-1F5DC8AA307A}.Debug|Any CPU.Build.0 = Debug|Any CPU
		{DBB6D3A0-8764-46C3-BE7C-1F5DC8AA307A}.Debug|x64.ActiveCfg = Debug|Any CPU
		{DBB6D3A0-8764-46C3-BE7C-1F5DC8AA307A}.Debug|x64.Build.0 = Debug|Any CPU
		{DBB6D3A0-8764-46C3-BE7C-1F5DC8AA307A}.Debug|x86.ActiveCfg = Debug|Any CPU
		{DBB6D3A0-8764-46C3-BE7C-1F5DC8AA307A}.Debug|x86.Build.0 = Debug|Any CPU
		{DBB6D3A0-8764-46C3-BE7C-1F5DC8AA307A}.Release|Any CPU.ActiveCfg = Release|Any CPU
		{DBB6D3A0-8764-46C3-BE7C-1F5DC8AA307A}.Release|Any CPU.Build.0 = Release|Any CPU
		{DBB6D3A0-8764-46C3-BE7C-1F5DC8AA307A}.Release|x64.ActiveCfg = Release|Any CPU
		{DBB6D3A0-8764-46C3-BE7C-1F5DC8AA307A}.Release|x64.Build.0 = Release|Any CPU
		{DBB6D3A0-8764-46C3-BE7C-1F5DC8AA307A}.Release|x86.ActiveCfg = Release|Any CPU
		{DBB6D3A0-8764-46C3-BE7C-1F5DC8AA307A}.Release|x86.Build.0 = Release|Any CPU
		{F82F3FB3-7000-4E7A-9842-1A08533D6CF0}.Debug|Any CPU.ActiveCfg = Debug|Any CPU
		{F82F3FB3-7000-4E7A-9842-1A08533D6CF0}.Debug|Any CPU.Build.0 = Debug|Any CPU
		{F82F3FB3-7000-4E7A-9842-1A08533D6CF0}.Debug|x64.ActiveCfg = Debug|Any CPU
		{F82F3FB3-7000-4E7A-9842-1A08533D6CF0}.Debug|x64.Build.0 = Debug|Any CPU
		{F82F3FB3-7000-4E7A-9842-1A08533D6CF0}.Debug|x86.ActiveCfg = Debug|Any CPU
		{F82F3FB3-7000-4E7A-9842-1A08533D6CF0}.Debug|x86.Build.0 = Debug|Any CPU
		{F82F3FB3-7000-4E7A-9842-1A08533D6CF0}.Release|Any CPU.ActiveCfg = Release|Any CPU
		{F82F3FB3-7000-4E7A-9842-1A08533D6CF0}.Release|Any CPU.Build.0 = Release|Any CPU
		{F82F3FB3-7000-4E7A-9842-1A08533D6CF0}.Release|x64.ActiveCfg = Release|Any CPU
		{F82F3FB3-7000-4E7A-9842-1A08533D6CF0}.Release|x64.Build.0 = Release|Any CPU
		{F82F3FB3-7000-4E7A-9842-1A08533D6CF0}.Release|x86.ActiveCfg = Release|Any CPU
		{F82F3FB3-7000-4E7A-9842-1A08533D6CF0}.Release|x86.Build.0 = Release|Any CPU
		{1A8BD9C1-7462-4D2B-807A-1F8A241FF1B1}.Debug|Any CPU.ActiveCfg = Debug|Any CPU
		{1A8BD9C1-7462-4D2B-807A-1F8A241FF1B1}.Debug|Any CPU.Build.0 = Debug|Any CPU
		{1A8BD9C1-7462-4D2B-807A-1F8A241FF1B1}.Debug|x64.ActiveCfg = Debug|Any CPU
		{1A8BD9C1-7462-4D2B-807A-1F8A241FF1B1}.Debug|x64.Build.0 = Debug|Any CPU
		{1A8BD9C1-7462-4D2B-807A-1F8A241FF1B1}.Debug|x86.ActiveCfg = Debug|Any CPU
		{1A8BD9C1-7462-4D2B-807A-1F8A241FF1B1}.Debug|x86.Build.0 = Debug|Any CPU
		{1A8BD9C1-7462-4D2B-807A-1F8A241FF1B1}.Release|Any CPU.ActiveCfg = Release|Any CPU
		{1A8BD9C1-7462-4D2B-807A-1F8A241FF1B1}.Release|Any CPU.Build.0 = Release|Any CPU
		{1A8BD9C1-7462-4D2B-807A-1F8A241FF1B1}.Release|x64.ActiveCfg = Release|Any CPU
		{1A8BD9C1-7462-4D2B-807A-1F8A241FF1B1}.Release|x64.Build.0 = Release|Any CPU
		{1A8BD9C1-7462-4D2B-807A-1F8A241FF1B1}.Release|x86.ActiveCfg = Release|Any CPU
		{1A8BD9C1-7462-4D2B-807A-1F8A241FF1B1}.Release|x86.Build.0 = Release|Any CPU
		{F841FEC8-FD88-451E-98CB-8167DADC8754}.Debug|Any CPU.ActiveCfg = Debug|Any CPU
		{F841FEC8-FD88-451E-98CB-8167DADC8754}.Debug|Any CPU.Build.0 = Debug|Any CPU
		{F841FEC8-FD88-451E-98CB-8167DADC8754}.Debug|x64.ActiveCfg = Debug|Any CPU
		{F841FEC8-FD88-451E-98CB-8167DADC8754}.Debug|x64.Build.0 = Debug|Any CPU
		{F841FEC8-FD88-451E-98CB-8167DADC8754}.Debug|x86.ActiveCfg = Debug|Any CPU
		{F841FEC8-FD88-451E-98CB-8167DADC8754}.Debug|x86.Build.0 = Debug|Any CPU
		{F841FEC8-FD88-451E-98CB-8167DADC8754}.Release|Any CPU.ActiveCfg = Release|Any CPU
		{F841FEC8-FD88-451E-98CB-8167DADC8754}.Release|Any CPU.Build.0 = Release|Any CPU
		{F841FEC8-FD88-451E-98CB-8167DADC8754}.Release|x64.ActiveCfg = Release|Any CPU
		{F841FEC8-FD88-451E-98CB-8167DADC8754}.Release|x64.Build.0 = Release|Any CPU
		{F841FEC8-FD88-451E-98CB-8167DADC8754}.Release|x86.ActiveCfg = Release|Any CPU
		{F841FEC8-FD88-451E-98CB-8167DADC8754}.Release|x86.Build.0 = Release|Any CPU
		{A58B8B5F-A1E1-47F2-8047-BDE8449D9A5A}.Debug|Any CPU.ActiveCfg = Debug|Any CPU
		{A58B8B5F-A1E1-47F2-8047-BDE8449D9A5A}.Debug|Any CPU.Build.0 = Debug|Any CPU
		{A58B8B5F-A1E1-47F2-8047-BDE8449D9A5A}.Debug|x64.ActiveCfg = Debug|Any CPU
		{A58B8B5F-A1E1-47F2-8047-BDE8449D9A5A}.Debug|x64.Build.0 = Debug|Any CPU
		{A58B8B5F-A1E1-47F2-8047-BDE8449D9A5A}.Debug|x86.ActiveCfg = Debug|Any CPU
		{A58B8B5F-A1E1-47F2-8047-BDE8449D9A5A}.Debug|x86.Build.0 = Debug|Any CPU
		{A58B8B5F-A1E1-47F2-8047-BDE8449D9A5A}.Release|Any CPU.ActiveCfg = Release|Any CPU
		{A58B8B5F-A1E1-47F2-8047-BDE8449D9A5A}.Release|Any CPU.Build.0 = Release|Any CPU
		{A58B8B5F-A1E1-47F2-8047-BDE8449D9A5A}.Release|x64.ActiveCfg = Release|Any CPU
		{A58B8B5F-A1E1-47F2-8047-BDE8449D9A5A}.Release|x64.Build.0 = Release|Any CPU
		{A58B8B5F-A1E1-47F2-8047-BDE8449D9A5A}.Release|x86.ActiveCfg = Release|Any CPU
		{A58B8B5F-A1E1-47F2-8047-BDE8449D9A5A}.Release|x86.Build.0 = Release|Any CPU
		{39D93792-8667-4581-9C84-94E67D08432C}.Debug|Any CPU.ActiveCfg = Debug|Any CPU
		{39D93792-8667-4581-9C84-94E67D08432C}.Debug|Any CPU.Build.0 = Debug|Any CPU
		{39D93792-8667-4581-9C84-94E67D08432C}.Debug|x64.ActiveCfg = Debug|Any CPU
		{39D93792-8667-4581-9C84-94E67D08432C}.Debug|x64.Build.0 = Debug|Any CPU
		{39D93792-8667-4581-9C84-94E67D08432C}.Debug|x86.ActiveCfg = Debug|Any CPU
		{39D93792-8667-4581-9C84-94E67D08432C}.Debug|x86.Build.0 = Debug|Any CPU
		{39D93792-8667-4581-9C84-94E67D08432C}.Release|Any CPU.ActiveCfg = Release|Any CPU
		{39D93792-8667-4581-9C84-94E67D08432C}.Release|Any CPU.Build.0 = Release|Any CPU
		{39D93792-8667-4581-9C84-94E67D08432C}.Release|x64.ActiveCfg = Release|Any CPU
		{39D93792-8667-4581-9C84-94E67D08432C}.Release|x64.Build.0 = Release|Any CPU
		{39D93792-8667-4581-9C84-94E67D08432C}.Release|x86.ActiveCfg = Release|Any CPU
		{39D93792-8667-4581-9C84-94E67D08432C}.Release|x86.Build.0 = Release|Any CPU
		{F4D99DD4-A0C9-4E4D-A957-7422D7646F85}.Debug|Any CPU.ActiveCfg = Debug|Any CPU
		{F4D99DD4-A0C9-4E4D-A957-7422D7646F85}.Debug|Any CPU.Build.0 = Debug|Any CPU
		{F4D99DD4-A0C9-4E4D-A957-7422D7646F85}.Debug|x64.ActiveCfg = Debug|Any CPU
		{F4D99DD4-A0C9-4E4D-A957-7422D7646F85}.Debug|x64.Build.0 = Debug|Any CPU
		{F4D99DD4-A0C9-4E4D-A957-7422D7646F85}.Debug|x86.ActiveCfg = Debug|Any CPU
		{F4D99DD4-A0C9-4E4D-A957-7422D7646F85}.Debug|x86.Build.0 = Debug|Any CPU
		{F4D99DD4-A0C9-4E4D-A957-7422D7646F85}.Release|Any CPU.ActiveCfg = Release|Any CPU
		{F4D99DD4-A0C9-4E4D-A957-7422D7646F85}.Release|Any CPU.Build.0 = Release|Any CPU
		{F4D99DD4-A0C9-4E4D-A957-7422D7646F85}.Release|x64.ActiveCfg = Release|Any CPU
		{F4D99DD4-A0C9-4E4D-A957-7422D7646F85}.Release|x64.Build.0 = Release|Any CPU
		{F4D99DD4-A0C9-4E4D-A957-7422D7646F85}.Release|x86.ActiveCfg = Release|Any CPU
		{F4D99DD4-A0C9-4E4D-A957-7422D7646F85}.Release|x86.Build.0 = Release|Any CPU
		{43AC8CBD-B9B7-442F-8DF2-4F774C23C169}.Debug|Any CPU.ActiveCfg = Debug|Any CPU
		{43AC8CBD-B9B7-442F-8DF2-4F774C23C169}.Debug|Any CPU.Build.0 = Debug|Any CPU
		{43AC8CBD-B9B7-442F-8DF2-4F774C23C169}.Debug|x64.ActiveCfg = Debug|Any CPU
		{43AC8CBD-B9B7-442F-8DF2-4F774C23C169}.Debug|x64.Build.0 = Debug|Any CPU
		{43AC8CBD-B9B7-442F-8DF2-4F774C23C169}.Debug|x86.ActiveCfg = Debug|Any CPU
		{43AC8CBD-B9B7-442F-8DF2-4F774C23C169}.Debug|x86.Build.0 = Debug|Any CPU
		{43AC8CBD-B9B7-442F-8DF2-4F774C23C169}.Release|Any CPU.ActiveCfg = Release|Any CPU
		{43AC8CBD-B9B7-442F-8DF2-4F774C23C169}.Release|Any CPU.Build.0 = Release|Any CPU
		{43AC8CBD-B9B7-442F-8DF2-4F774C23C169}.Release|x64.ActiveCfg = Release|Any CPU
		{43AC8CBD-B9B7-442F-8DF2-4F774C23C169}.Release|x64.Build.0 = Release|Any CPU
		{43AC8CBD-B9B7-442F-8DF2-4F774C23C169}.Release|x86.ActiveCfg = Release|Any CPU
		{43AC8CBD-B9B7-442F-8DF2-4F774C23C169}.Release|x86.Build.0 = Release|Any CPU
	EndGlobalSection
	GlobalSection(SolutionProperties) = preSolution
		HideSolutionNode = FALSE
	EndGlobalSection
	GlobalSection(NestedProjects) = preSolution
		{8954AFE1-8957-421C-AD7B-1B5113013DAB} = {2601C2A2-3628-4493-AAD9-1535EBF3B2D4}
		{DBB6D3A0-8764-46C3-BE7C-1F5DC8AA307A} = {2601C2A2-3628-4493-AAD9-1535EBF3B2D4}
		{F82F3FB3-7000-4E7A-9842-1A08533D6CF0} = {2601C2A2-3628-4493-AAD9-1535EBF3B2D4}
		{1A8BD9C1-7462-4D2B-807A-1F8A241FF1B1} = {2601C2A2-3628-4493-AAD9-1535EBF3B2D4}
		{F841FEC8-FD88-451E-98CB-8167DADC8754} = {8E736740-A8DD-4267-8128-A997FF899814}
		{A58B8B5F-A1E1-47F2-8047-BDE8449D9A5A} = {8E736740-A8DD-4267-8128-A997FF899814}
		{39D93792-8667-4581-9C84-94E67D08432C} = {2601C2A2-3628-4493-AAD9-1535EBF3B2D4}
		{F4D99DD4-A0C9-4E4D-A957-7422D7646F85} = {2601C2A2-3628-4493-AAD9-1535EBF3B2D4}
		{43AC8CBD-B9B7-442F-8DF2-4F774C23C169} = {8E736740-A8DD-4267-8128-A997FF899814}
	EndGlobalSection
	GlobalSection(ExtensibilityGlobals) = postSolution
		SolutionGuid = {9C441CCC-B6F9-4DC5-9C49-1C7E08F53DF4}
	EndGlobalSection
EndGlobal
